Microsoft Visual Studio Solution File, Format Version 12.00
# Visual Studio Version 17
VisualStudioVersion = 17.5.2.0
MinimumVisualStudioVersion = 10.0.40219.1
Project("{FAE04EC0-301F-11D3-BF4B-00C04F79EFBC}") = "OpcUaServer", "OpcUaServer.csproj", "{CE48D25A-8D41-C00D-E84C-04227BEF6B0F}"
EndProject
Global
	GlobalSection(SolutionConfigurationPlatforms) = preSolution
		Debug|Any CPU = Debug|Any CPU
		Release|Any CPU = Release|Any CPU
	EndGlobalSection
	GlobalSection(ProjectConfigurationPlatforms) = postSolution
		{CE48D25A-8D41-C00D-E84C-04227BEF6B0F}.Debug|Any CPU.ActiveCfg = Debug|Any CPU
		{CE48D25A-8D41-C00D-E84C-04227BEF6B0F}.Debug|Any CPU.Build.0 = Debug|Any CPU
		{CE48D25A-8D41-C00D-E84C-04227BEF6B0F}.Release|Any CPU.ActiveCfg = Release|Any CPU
		{CE48D25A-8D41-C00D-E84C-04227BEF6B0F}.Release|Any CPU.Build.0 = Release|Any CPU
	EndGlobalSection
	GlobalSection(SolutionProperties) = preSolution
		HideSolutionNode = FALSE
	EndGlobalSection
	GlobalSection(ExtensibilityGlobals) = postSolution
		SolutionGuid = {74697F5F-D602-413B-912A-212B5CA11A6A}
	EndGlobalSection
EndGlobal
